
Microsoft Visual Studio Solution File, Format Version 12.00
# Visual Studio Version 17
VisualStudioVersion = 17.0.32014.148
MinimumVisualStudioVersion = 10.0.40219.1
Project("{9A19103F-16F7-4668-BE54-9A1E7A4F7556}") = "CreateProjectTest", "CreateProjectTest\CreateProjectTest.csproj", "{31B669E3-1404-4679-8E71-0F550D71E01D}"
EndProject
Project("{9A19103F-16F7-4668-BE54-9A1E7A4F7556}") = "ContactWebModels", "ContactWebModels\ContactWebModels.csproj", "{1D958302-3BC4-4235-9531-CBF02A09093A}"
EndProject
Project("{9A19103F-16F7-4668-BE54-9A1E7A4F7556}") = "MyContactManagementData", "MyContactManagementData\MyContactManagementData.csproj", "{6FBAF19E-866F-4B5C-A2D8-FB532D366A29}"
EndProject
Project("{FAE04EC0-301F-11D3-BF4B-00C04F79EFBC}") = "MyContactManagerRepositories", "MyContactManagerRepositories\MyContactManagerRepositories.csproj", "{36793851-F932-431D-B9AF-BEF97302A300}"
EndProject
Project("{FAE04EC0-301F-11D3-BF4B-00C04F79EFBC}") = "MyContactManagerServices", "MyContactManagerServices\MyContactManagerServices.csproj", "{B755AE9F-E5CB-4ED9-A6DF-2A8A8A70717A}"
EndProject
Global
	GlobalSection(SolutionConfigurationPlatforms) = preSolution
		Debug|Any CPU = Debug|Any CPU
		Release|Any CPU = Release|Any CPU
	EndGlobalSection
	GlobalSection(ProjectConfigurationPlatforms) = postSolution
		{31B669E3-1404-4679-8E71-0F550D71E01D}.Debug|Any CPU.ActiveCfg = Debug|Any CPU
		{31B669E3-1404-4679-8E71-0F550D71E01D}.Debug|Any CPU.Build.0 = Debug|Any CPU
		{31B669E3-1404-4679-8E71-0F550D71E01D}.Release|Any CPU.ActiveCfg = Release|Any CPU
		{31B669E3-1404-4679-8E71-0F550D71E01D}.Release|Any CPU.Build.0 = Release|Any CPU
		{1D958302-3BC4-4235-9531-CBF02A09093A}.Debug|Any CPU.ActiveCfg = Debug|Any CPU
		{1D958302-3BC4-4235-9531-CBF02A09093A}.Debug|Any CPU.Build.0 = Debug|Any CPU
		{1D958302-3BC4-4235-9531-CBF02A09093A}.Release|Any CPU.ActiveCfg = Release|Any CPU
		{1D958302-3BC4-4235-9531-CBF02A09093A}.Release|Any CPU.Build.0 = Release|Any CPU
		{6FBAF19E-866F-4B5C-A2D8-FB532D366A29}.Debug|Any CPU.ActiveCfg = Debug|Any CPU
		{6FBAF19E-866F-4B5C-A2D8-FB532D366A29}.Debug|Any CPU.Build.0 = Debug|Any CPU
		{6FBAF19E-866F-4B5C-A2D8-FB532D366A29}.Release|Any CPU.ActiveCfg = Release|Any CPU
		{6FBAF19E-866F-4B5C-A2D8-FB532D366A29}.Release|Any CPU.Build.0 = Release|Any CPU
		{36793851-F932-431D-B9AF-BEF97302A300}.Debug|Any CPU.ActiveCfg = Debug|Any CPU
		{36793851-F932-431D-B9AF-BEF97302A300}.Debug|Any CPU.Build.0 = Debug|Any CPU
		{36793851-F932-431D-B9AF-BEF97302A300}.Release|Any CPU.ActiveCfg = Release|Any CPU
		{36793851-F932-431D-B9AF-BEF97302A300}.Release|Any CPU.Build.0 = Release|Any CPU
		{B755AE9F-E5CB-4ED9-A6DF-2A8A8A70717A}.Debug|Any CPU.ActiveCfg = Debug|Any CPU
		{B755AE9F-E5CB-4ED9-A6DF-2A8A8A70717A}.Debug|Any CPU.Build.0 = Debug|Any CPU
		{B755AE9F-E5CB-4ED9-A6DF-2A8A8A70717A}.Release|Any CPU.ActiveCfg = Release|Any CPU
		{B755AE9F-E5CB-4ED9-A6DF-2A8A8A70717A}.Release|Any CPU.Build.0 = Release|Any CPU
	EndGlobalSection
	GlobalSection(SolutionProperties) = preSolution
		HideSolutionNode = FALSE
	EndGlobalSection
	GlobalSection(ExtensibilityGlobals) = postSolution
		SolutionGuid = {2C0E62E9-B233-43E4-99EE-92064D79D67F}
	EndGlobalSection
EndGlobal
